
Microsoft Visual Studio Solution File, Format Version 12.00
# Visual Studio Version 17
VisualStudioVersion = 17.0.31903.59
MinimumVisualStudioVersion = 10.0.40219.1
Project("{2150E333-8FDC-42A3-9474-1A3956D46DE8}") = "src", "src", "{827E0CD3-B72D-47B6-A68D-7590B98EB39B}"
EndProject
Project("{FAE04EC0-301F-11D3-BF4B-00C04F79EFBC}") = "Lft.Domain", "src\Lft.Domain\Lft.Domain.csproj", "{6DD5495D-D170-4E33-BF78-0E93A3349E5E}"
EndProject
Project("{FAE04EC0-301F-11D3-BF4B-00C04F79EFBC}") = "Lft.Engine", "src\Lft.Engine\Lft.Engine.csproj", "{7EE0077F-99C3-4807-B672-E29534F34A5E}"
EndProject
Project("{FAE04EC0-301F-11D3-BF4B-00C04F79EFBC}") = "Lft.Cli", "src\Lft.Cli\Lft.Cli.csproj", "{10B04307-8A98-4212-9747-3092D8979510}"
EndProject
Project("{2150E333-8FDC-42A3-9474-1A3956D46DE8}") = "tests", "tests", "{0AB3BF05-4346-4AA6-1389-037BE0695223}"
EndProject
Project("{FAE04EC0-301F-11D3-BF4B-00C04F79EFBC}") = "Lft.Engine.Tests", "tests\Lft.Engine.Tests\Lft.Engine.Tests.csproj", "{509CBACC-32C0-4E2A-9DE1-E0C94B504231}"
EndProject
Project("{FAE04EC0-301F-11D3-BF4B-00C04F79EFBC}") = "Lft.Integration", "src\Lft.Integration\Lft.Integration.csproj", "{40CC1F96-5BD9-425F-B21A-A0C46BDF181C}"
EndProject
Project("{FAE04EC0-301F-11D3-BF4B-00C04F79EFBC}") = "Lft.App", "src\Lft.App\Lft.App.csproj", "{9D4FD43B-C3B9-41E3-8766-7550100354BD}"
EndProject
Global
	GlobalSection(SolutionConfigurationPlatforms) = preSolution
		Debug|Any CPU = Debug|Any CPU
		Debug|x64 = Debug|x64
		Debug|x86 = Debug|x86
		Release|Any CPU = Release|Any CPU
		Release|x64 = Release|x64
		Release|x86 = Release|x86
	EndGlobalSection
	GlobalSection(ProjectConfigurationPlatforms) = postSolution
		{6DD5495D-D170-4E33-BF78-0E93A3349E5E}.Debug|Any CPU.ActiveCfg = Debug|Any CPU
		{6DD5495D-D170-4E33-BF78-0E93A3349E5E}.Debug|Any CPU.Build.0 = Debug|Any CPU
		{6DD5495D-D170-4E33-BF78-0E93A3349E5E}.Debug|x64.ActiveCfg = Debug|Any CPU
		{6DD5495D-D170-4E33-BF78-0E93A3349E5E}.Debug|x64.Build.0 = Debug|Any CPU
		{6DD5495D-D170-4E33-BF78-0E93A3349E5E}.Debug|x86.ActiveCfg = Debug|Any CPU
		{6DD5495D-D170-4E33-BF78-0E93A3349E5E}.Debug|x86.Build.0 = Debug|Any CPU
		{6DD5495D-D170-4E33-BF78-0E93A3349E5E}.Release|Any CPU.ActiveCfg = Release|Any CPU
		{6DD5495D-D170-4E33-BF78-0E93A3349E5E}.Release|Any CPU.Build.0 = Release|Any CPU
		{6DD5495D-D170-4E33-BF78-0E93A3349E5E}.Release|x64.ActiveCfg = Release|Any CPU
		{6DD5495D-D170-4E33-BF78-0E93A3349E5E}.Release|x64.Build.0 = Release|Any CPU
		{6DD5495D-D170-4E33-BF78-0E93A3349E5E}.Release|x86.ActiveCfg = Release|Any CPU
		{6DD5495D-D170-4E33-BF78-0E93A3349E5E}.Release|x86.Build.0 = Release|Any CPU
		{7EE0077F-99C3-4807-B672-E29534F34A5E}.Debug|Any CPU.ActiveCfg = Debug|Any CPU
		{7EE0077F-99C3-4807-B672-E29534F34A5E}.Debug|Any CPU.Build.0 = Debug|Any CPU
		{7EE0077F-99C3-4807-B672-E29534F34A5E}.Debug|x64.ActiveCfg = Debug|Any CPU
		{7EE0077F-99C3-4807-B672-E29534F34A5E}.Debug|x64.Build.0 = Debug|Any CPU
		{7EE0077F-99C3-4807-B672-E29534F34A5E}.Debug|x86.ActiveCfg = Debug|Any CPU
		{7EE0077F-99C3-4807-B672-E29534F34A5E}.Debug|x86.Build.0 = Debug|Any CPU
		{7EE0077F-99C3-4807-B672-E29534F34A5E}.Release|Any CPU.ActiveCfg = Release|Any CPU
		{7EE0077F-99C3-4807-B672-E29534F34A5E}.Release|Any CPU.Build.0 = Release|Any CPU
		{7EE0077F-99C3-4807-B672-E29534F34A5E}.Release|x64.ActiveCfg = Release|Any CPU
		{7EE0077F-99C3-4807-B672-E29534F34A5E}.Release|x64.Build.0 = Release|Any CPU
		{7EE0077F-99C3-4807-B672-E29534F34A5E}.Release|x86.ActiveCfg = Release|Any CPU
		{7EE0077F-99C3-4807-B672-E29534F34A5E}.Release|x86.Build.0 = Release|Any CPU
		{10B04307-8A98-4212-9747-3092D8979510}.Debug|Any CPU.ActiveCfg = Debug|Any CPU
		{10B04307-8A98-4212-9747-3092D8979510}.Debug|Any CPU.Build.0 = Debug|Any CPU
		{10B04307-8A98-4212-9747-3092D8979510}.Debug|x64.ActiveCfg = Debug|Any CPU
		{10B04307-8A98-4212-9747-3092D8979510}.Debug|x64.Build.0 = Debug|Any CPU
		{10B04307-8A98-4212-9747-3092D8979510}.Debug|x86.ActiveCfg = Debug|Any CPU
		{10B04307-8A98-4212-9747-3092D8979510}.Debug|x86.Build.0 = Debug|Any CPU
		{10B04307-8A98-4212-9747-3092D8979510}.Release|Any CPU.ActiveCfg = Release|Any CPU
		{10B04307-8A98-4212-9747-3092D8979510}.Release|Any CPU.Build.0 = Release|Any CPU
		{10B04307-8A98-4212-9747-3092D8979510}.Release|x64.ActiveCfg = Release|Any CPU
		{10B04307-8A98-4212-9747-3092D8979510}.Release|x64.Build.0 = Release|Any CPU
		{10B04307-8A98-4212-9747-3092D8979510}.Release|x86.ActiveCfg = Release|Any CPU
		{10B04307-8A98-4212-9747-3092D8979510}.Release|x86.Build.0 = Release|Any CPU
		{509CBACC-32C0-4E2A-9DE1-E0C94B504231}.Debug|Any CPU.ActiveCfg = Debug|Any CPU
		{509CBACC-32C0-4E2A-9DE1-E0C94B504231}.Debug|Any CPU.Build.0 = Debug|Any CPU
		{509CBACC-32C0-4E2A-9DE1-E0C94B504231}.Debug|x64.ActiveCfg = Debug|Any CPU
		{509CBACC-32C0-4E2A-9DE1-E0C94B504231}.Debug|x64.Build.0 = Debug|Any CPU
		{509CBACC-32C0-4E2A-9DE1-E0C94B504231}.Debug|x86.ActiveCfg = Debug|Any CPU
		{509CBACC-32C0-4E2A-9DE1-E0C94B504231}.Debug|x86.Build.0 = Debug|Any CPU
		{509CBACC-32C0-4E2A-9DE1-E0C94B504231}.Release|Any CPU.ActiveCfg = Release|Any CPU
		{509CBACC-32C0-4E2A-9DE1-E0C94B504231}.Release|Any CPU.Build.0 = Release|Any CPU
		{509CBACC-32C0-4E2A-9DE1-E0C94B504231}.Release|x64.ActiveCfg = Release|Any CPU
		{509CBACC-32C0-4E2A-9DE1-E0C94B504231}.Release|x64.Build.0 = Release|Any CPU
		{509CBACC-32C0-4E2A-9DE1-E0C94B504231}.Release|x86.ActiveCfg = Release|Any CPU
		{509CBACC-32C0-4E2A-9DE1-E0C94B504231}.Release|x86.Build.0 = Release|Any CPU
		{40CC1F96-5BD9-425F-B21A-A0C46BDF181C}.Debug|Any CPU.ActiveCfg = Debug|Any CPU
		{40CC1F96-5BD9-425F-B21A-A0C46BDF181C}.Debug|Any CPU.Build.0 = Debug|Any CPU
		{40CC1F96-5BD9-425F-B21A-A0C46BDF181C}.Debug|x64.ActiveCfg = Debug|Any CPU
		{40CC1F96-5BD9-425F-B21A-A0C46BDF181C}.Debug|x64.Build.0 = Debug|Any CPU
		{40CC1F96-5BD9-425F-B21A-A0C46BDF181C}.Debug|x86.ActiveCfg = Debug|Any CPU
		{40CC1F96-5BD9-425F-B21A-A0C46BDF181C}.Debug|x86.Build.0 = Debug|Any CPU
		{40CC1F96-5BD9-425F-B21A-A0C46BDF181C}.Release|Any CPU.ActiveCfg = Release|Any CPU
		{40CC1F96-5BD9-425F-B21A-A0C46BDF181C}.Release|Any CPU.Build.0 = Release|Any CPU
		{40CC1F96-5BD9-425F-B21A-A0C46BDF181C}.Release|x64.ActiveCfg = Release|Any CPU
		{40CC1F96-5BD9-425F-B21A-A0C46BDF181C}.Release|x64.Build.0 = Release|Any CPU
		{40CC1F96-5BD9-425F-B21A-A0C46BDF181C}.Release|x86.ActiveCfg = Release|Any CPU
		{40CC1F96-5BD9-425F-B21A-A0C46BDF181C}.Release|x86.Build.0 = Release|Any CPU
		{9D4FD43B-C3B9-41E3-8766-7550100354BD}.Debug|Any CPU.ActiveCfg = Debug|Any CPU
		{9D4FD43B-C3B9-41E3-8766-7550100354BD}.Debug|Any CPU.Build.0 = Debug|Any CPU
		{9D4FD43B-C3B9-41E3-8766-7550100354BD}.Debug|x64.ActiveCfg = Debug|Any CPU
		{9D4FD43B-C3B9-41E3-8766-7550100354BD}.Debug|x64.Build.0 = Debug|Any CPU
		{9D4FD43B-C3B9-41E3-8766-7550100354BD}.Debug|x86.ActiveCfg = Debug|Any CPU
		{9D4FD43B-C3B9-41E3-8766-7550100354BD}.Debug|x86.Build.0 = Debug|Any CPU
		{9D4FD43B-C3B9-41E3-8766-7550100354BD}.Release|Any CPU.ActiveCfg = Release|Any CPU
		{9D4FD43B-C3B9-41E3-8766-7550100354BD}.Release|Any CPU.Build.0 = Release|Any CPU
		{9D4FD43B-C3B9-41E3-8766-7550100354BD}.Release|x64.ActiveCfg = Release|Any CPU
		{9D4FD43B-C3B9-41E3-8766-7550100354BD}.Release|x64.Build.0 = Release|Any CPU
		{9D4FD43B-C3B9-41E3-8766-7550100354BD}.Release|x86.ActiveCfg = Release|Any CPU
		{9D4FD43B-C3B9-41E3-8766-7550100354BD}.Release|x86.Build.0 = Release|Any CPU
	EndGlobalSection
	GlobalSection(SolutionProperties) = preSolution
		HideSolutionNode = FALSE
	EndGlobalSection
	GlobalSection(NestedProjects) = preSolution
		{6DD5495D-D170-4E33-BF78-0E93A3349E5E} = {827E0CD3-B72D-47B6-A68D-7590B98EB39B}
		{7EE0077F-99C3-4807-B672-E29534F34A5E} = {827E0CD3-B72D-47B6-A68D-7590B98EB39B}
		{10B04307-8A98-4212-9747-3092D8979510} = {827E0CD3-B72D-47B6-A68D-7590B98EB39B}
		{509CBACC-32C0-4E2A-9DE1-E0C94B504231} = {0AB3BF05-4346-4AA6-1389-037BE0695223}
		{40CC1F96-5BD9-425F-B21A-A0C46BDF181C} = {827E0CD3-B72D-47B6-A68D-7590B98EB39B}
		{9D4FD43B-C3B9-41E3-8766-7550100354BD} = {827E0CD3-B72D-47B6-A68D-7590B98EB39B}
	EndGlobalSection
EndGlobal
