
Microsoft Visual Studio Solution File, Format Version 12.00
# Visual Studio Version 17
VisualStudioVersion = 17.0.31903.59
MinimumVisualStudioVersion = 10.0.40219.1
Project("{2150E333-8FDC-42A3-9474-1A3956D46DE8}") = "src", "src", "{827E0CD3-B72D-47B6-A68D-7590B98EB39B}"
EndProject
Project("{FAE04EC0-301F-11D3-BF4B-00C04F79EFBC}") = "Lft.Domain", "src\Lft.Domain\Lft.Domain.csproj", "{6DD5495D-D170-4E33-BF78-0E93A3349E5E}"
EndProject
Project("{FAE04EC0-301F-11D3-BF4B-00C04F79EFBC}") = "Lft.Engine", "src\Lft.Engine\Lft.Engine.csproj", "{7EE0077F-99C3-4807-B672-E29534F34A5E}"
EndProject
Project("{FAE04EC0-301F-11D3-BF4B-00C04F79EFBC}") = "Lft.Cli", "src\Lft.Cli\Lft.Cli.csproj", "{10B04307-8A98-4212-9747-3092D8979510}"
EndProject
Project("{2150E333-8FDC-42A3-9474-1A3956D46DE8}") = "tests", "tests", "{0AB3BF05-4346-4AA6-1389-037BE0695223}"
EndProject
Project("{FAE04EC0-301F-11D3-BF4B-00C04F79EFBC}") = "Lft.Engine.Tests", "tests\Lft.Engine.Tests\Lft.Engine.Tests.csproj", "{509CBACC-32C0-4E2A-9DE1-E0C94B504231}"
EndProject
Project("{FAE04EC0-301F-11D3-BF4B-00C04F79EFBC}") = "Lft.Integration", "src\Lft.Integration\Lft.Integration.csproj", "{40CC1F96-5BD9-425F-B21A-A0C46BDF181C}"
EndProject
Project("{FAE04EC0-301F-11D3-BF4B-00C04F79EFBC}") = "Lft.App", "src\Lft.App\Lft.App.csproj", "{9D4FD43B-C3B9-41E3-8766-7550100354BD}"
EndProject
Project("{FAE04EC0-301F-11D3-BF4B-00C04F79EFBC}") = "Lft.Integration.Tests", "tests\Lft.Integration.Tests\Lft.Integration.Tests.csproj", "{79167169-9E17-45A0-B7A4-B5769BA32DBB}"
EndProject
Project("{FAE04EC0-301F-11D3-BF4B-00C04F79EFBC}") = "Lft.Analyzer.Core", "src\Lft.Analyzer.Core\Lft.Analyzer.Core.csproj", "{04C00144-1DBE-4BB8-8B50-03EC6CCAE34E}"
EndProject
Project("{FAE04EC0-301F-11D3-BF4B-00C04F79EFBC}") = "Lft.Analyzer.Tests", "tests\Lft.Analyzer.Tests\Lft.Analyzer.Tests.csproj", "{BF564CA0-2FAF-4925-B67B-26B62507817B}"
EndProject
Project("{FAE04EC0-301F-11D3-BF4B-00C04F79EFBC}") = "Lft.Ast.CSharp", "src\Lft.Ast.CSharp\Lft.Ast.CSharp.csproj", "{FA04035E-E8F4-4164-A3AE-27829C2574D0}"
EndProject
Project("{FAE04EC0-301F-11D3-BF4B-00C04F79EFBC}") = "Lft.Ast.CSharp.Tests", "tests\Lft.Ast.CSharp.Tests\Lft.Ast.CSharp.Tests.csproj", "{2E25388E-B541-4332-9EC1-99238628262C}"
EndProject
Project("{FAE04EC0-301F-11D3-BF4B-00C04F79EFBC}") = "Lft.Analyzer.IntegrationTests", "tests\Lft.Analyzer.IntegrationTests\Lft.Analyzer.IntegrationTests.csproj", "{B82FA443-3CE8-47D0-854C-338F5C58527D}"
EndProject
Project("{FAE04EC0-301F-11D3-BF4B-00C04F79EFBC}") = "Lft.Diff", "src\Lft.Diff\Lft.Diff.csproj", "{927B3411-D8E2-46A7-A3CA-16611B5FE7C3}"
EndProject
Project("{FAE04EC0-301F-11D3-BF4B-00C04F79EFBC}") = "Lft.Diff.Tests", "tests\Lft.Diff.Tests\Lft.Diff.Tests.csproj", "{2962E769-17E1-4F76-B4E9-1A7BE7C5E68B}"
EndProject
Project("{FAE04EC0-301F-11D3-BF4B-00C04F79EFBC}") = "Lft.Discovery", "src\Lft.Discovery\Lft.Discovery.csproj", "{6CA5AFFE-C561-442E-A51A-D4CCAA84633F}"
EndProject
Project("{FAE04EC0-301F-11D3-BF4B-00C04F79EFBC}") = "Lft.Discovery.Tests", "tests\Lft.Discovery.Tests\Lft.Discovery.Tests.csproj", "{4B5E5C9C-149C-448B-A92D-9CC2CCFB3914}"
EndProject
Global
	GlobalSection(SolutionConfigurationPlatforms) = preSolution
		Debug|Any CPU = Debug|Any CPU
		Debug|x64 = Debug|x64
		Debug|x86 = Debug|x86
		Release|Any CPU = Release|Any CPU
		Release|x64 = Release|x64
		Release|x86 = Release|x86
	EndGlobalSection
	GlobalSection(ProjectConfigurationPlatforms) = postSolution
		{6DD5495D-D170-4E33-BF78-0E93A3349E5E}.Debug|Any CPU.ActiveCfg = Debug|Any CPU
		{6DD5495D-D170-4E33-BF78-0E93A3349E5E}.Debug|Any CPU.Build.0 = Debug|Any CPU
		{6DD5495D-D170-4E33-BF78-0E93A3349E5E}.Debug|x64.ActiveCfg = Debug|Any CPU
		{6DD5495D-D170-4E33-BF78-0E93A3349E5E}.Debug|x64.Build.0 = Debug|Any CPU
		{6DD5495D-D170-4E33-BF78-0E93A3349E5E}.Debug|x86.ActiveCfg = Debug|Any CPU
		{6DD5495D-D170-4E33-BF78-0E93A3349E5E}.Debug|x86.Build.0 = Debug|Any CPU
		{6DD5495D-D170-4E33-BF78-0E93A3349E5E}.Release|Any CPU.ActiveCfg = Release|Any CPU
		{6DD5495D-D170-4E33-BF78-0E93A3349E5E}.Release|Any CPU.Build.0 = Release|Any CPU
		{6DD5495D-D170-4E33-BF78-0E93A3349E5E}.Release|x64.ActiveCfg = Release|Any CPU
		{6DD5495D-D170-4E33-BF78-0E93A3349E5E}.Release|x64.Build.0 = Release|Any CPU
		{6DD5495D-D170-4E33-BF78-0E93A3349E5E}.Release|x86.ActiveCfg = Release|Any CPU
		{6DD5495D-D170-4E33-BF78-0E93A3349E5E}.Release|x86.Build.0 = Release|Any CPU
		{7EE0077F-99C3-4807-B672-E29534F34A5E}.Debug|Any CPU.ActiveCfg = Debug|Any CPU
		{7EE0077F-99C3-4807-B672-E29534F34A5E}.Debug|Any CPU.Build.0 = Debug|Any CPU
		{7EE0077F-99C3-4807-B672-E29534F34A5E}.Debug|x64.ActiveCfg = Debug|Any CPU
		{7EE0077F-99C3-4807-B672-E29534F34A5E}.Debug|x64.Build.0 = Debug|Any CPU
		{7EE0077F-99C3-4807-B672-E29534F34A5E}.Debug|x86.ActiveCfg = Debug|Any CPU
		{7EE0077F-99C3-4807-B672-E29534F34A5E}.Debug|x86.Build.0 = Debug|Any CPU
		{7EE0077F-99C3-4807-B672-E29534F34A5E}.Release|Any CPU.ActiveCfg = Release|Any CPU
		{7EE0077F-99C3-4807-B672-E29534F34A5E}.Release|Any CPU.Build.0 = Release|Any CPU
		{7EE0077F-99C3-4807-B672-E29534F34A5E}.Release|x64.ActiveCfg = Release|Any CPU
		{7EE0077F-99C3-4807-B672-E29534F34A5E}.Release|x64.Build.0 = Release|Any CPU
		{7EE0077F-99C3-4807-B672-E29534F34A5E}.Release|x86.ActiveCfg = Release|Any CPU
		{7EE0077F-99C3-4807-B672-E29534F34A5E}.Release|x86.Build.0 = Release|Any CPU
		{10B04307-8A98-4212-9747-3092D8979510}.Debug|Any CPU.ActiveCfg = Debug|Any CPU
		{10B04307-8A98-4212-9747-3092D8979510}.Debug|Any CPU.Build.0 = Debug|Any CPU
		{10B04307-8A98-4212-9747-3092D8979510}.Debug|x64.ActiveCfg = Debug|Any CPU
		{10B04307-8A98-4212-9747-3092D8979510}.Debug|x64.Build.0 = Debug|Any CPU
		{10B04307-8A98-4212-9747-3092D8979510}.Debug|x86.ActiveCfg = Debug|Any CPU
		{10B04307-8A98-4212-9747-3092D8979510}.Debug|x86.Build.0 = Debug|Any CPU
		{10B04307-8A98-4212-9747-3092D8979510}.Release|Any CPU.ActiveCfg = Release|Any CPU
		{10B04307-8A98-4212-9747-3092D8979510}.Release|Any CPU.Build.0 = Release|Any CPU
		{10B04307-8A98-4212-9747-3092D8979510}.Release|x64.ActiveCfg = Release|Any CPU
		{10B04307-8A98-4212-9747-3092D8979510}.Release|x64.Build.0 = Release|Any CPU
		{10B04307-8A98-4212-9747-3092D8979510}.Release|x86.ActiveCfg = Release|Any CPU
		{10B04307-8A98-4212-9747-3092D8979510}.Release|x86.Build.0 = Release|Any CPU
		{509CBACC-32C0-4E2A-9DE1-E0C94B504231}.Debug|Any CPU.ActiveCfg = Debug|Any CPU
		{509CBACC-32C0-4E2A-9DE1-E0C94B504231}.Debug|Any CPU.Build.0 = Debug|Any CPU
		{509CBACC-32C0-4E2A-9DE1-E0C94B504231}.Debug|x64.ActiveCfg = Debug|Any CPU
		{509CBACC-32C0-4E2A-9DE1-E0C94B504231}.Debug|x64.Build.0 = Debug|Any CPU
		{509CBACC-32C0-4E2A-9DE1-E0C94B504231}.Debug|x86.ActiveCfg = Debug|Any CPU
		{509CBACC-32C0-4E2A-9DE1-E0C94B504231}.Debug|x86.Build.0 = Debug|Any CPU
		{509CBACC-32C0-4E2A-9DE1-E0C94B504231}.Release|Any CPU.ActiveCfg = Release|Any CPU
		{509CBACC-32C0-4E2A-9DE1-E0C94B504231}.Release|Any CPU.Build.0 = Release|Any CPU
		{509CBACC-32C0-4E2A-9DE1-E0C94B504231}.Release|x64.ActiveCfg = Release|Any CPU
		{509CBACC-32C0-4E2A-9DE1-E0C94B504231}.Release|x64.Build.0 = Release|Any CPU
		{509CBACC-32C0-4E2A-9DE1-E0C94B504231}.Release|x86.ActiveCfg = Release|Any CPU
		{509CBACC-32C0-4E2A-9DE1-E0C94B504231}.Release|x86.Build.0 = Release|Any CPU
		{40CC1F96-5BD9-425F-B21A-A0C46BDF181C}.Debug|Any CPU.ActiveCfg = Debug|Any CPU
		{40CC1F96-5BD9-425F-B21A-A0C46BDF181C}.Debug|Any CPU.Build.0 = Debug|Any CPU
		{40CC1F96-5BD9-425F-B21A-A0C46BDF181C}.Debug|x64.ActiveCfg = Debug|Any CPU
		{40CC1F96-5BD9-425F-B21A-A0C46BDF181C}.Debug|x64.Build.0 = Debug|Any CPU
		{40CC1F96-5BD9-425F-B21A-A0C46BDF181C}.Debug|x86.ActiveCfg = Debug|Any CPU
		{40CC1F96-5BD9-425F-B21A-A0C46BDF181C}.Debug|x86.Build.0 = Debug|Any CPU
		{40CC1F96-5BD9-425F-B21A-A0C46BDF181C}.Release|Any CPU.ActiveCfg = Release|Any CPU
		{40CC1F96-5BD9-425F-B21A-A0C46BDF181C}.Release|Any CPU.Build.0 = Release|Any CPU
		{40CC1F96-5BD9-425F-B21A-A0C46BDF181C}.Release|x64.ActiveCfg = Release|Any CPU
		{40CC1F96-5BD9-425F-B21A-A0C46BDF181C}.Release|x64.Build.0 = Release|Any CPU
		{40CC1F96-5BD9-425F-B21A-A0C46BDF181C}.Release|x86.ActiveCfg = Release|Any CPU
		{40CC1F96-5BD9-425F-B21A-A0C46BDF181C}.Release|x86.Build.0 = Release|Any CPU
		{9D4FD43B-C3B9-41E3-8766-7550100354BD}.Debug|Any CPU.ActiveCfg = Debug|Any CPU
		{9D4FD43B-C3B9-41E3-8766-7550100354BD}.Debug|Any CPU.Build.0 = Debug|Any CPU
		{9D4FD43B-C3B9-41E3-8766-7550100354BD}.Debug|x64.ActiveCfg = Debug|Any CPU
		{9D4FD43B-C3B9-41E3-8766-7550100354BD}.Debug|x64.Build.0 = Debug|Any CPU
		{9D4FD43B-C3B9-41E3-8766-7550100354BD}.Debug|x86.ActiveCfg = Debug|Any CPU
		{9D4FD43B-C3B9-41E3-8766-7550100354BD}.Debug|x86.Build.0 = Debug|Any CPU
		{9D4FD43B-C3B9-41E3-8766-7550100354BD}.Release|Any CPU.ActiveCfg = Release|Any CPU
		{9D4FD43B-C3B9-41E3-8766-7550100354BD}.Release|Any CPU.Build.0 = Release|Any CPU
		{9D4FD43B-C3B9-41E3-8766-7550100354BD}.Release|x64.ActiveCfg = Release|Any CPU
		{9D4FD43B-C3B9-41E3-8766-7550100354BD}.Release|x64.Build.0 = Release|Any CPU
		{9D4FD43B-C3B9-41E3-8766-7550100354BD}.Release|x86.ActiveCfg = Release|Any CPU
		{9D4FD43B-C3B9-41E3-8766-7550100354BD}.Release|x86.Build.0 = Release|Any CPU
		{79167169-9E17-45A0-B7A4-B5769BA32DBB}.Debug|Any CPU.ActiveCfg = Debug|Any CPU
		{79167169-9E17-45A0-B7A4-B5769BA32DBB}.Debug|Any CPU.Build.0 = Debug|Any CPU
		{79167169-9E17-45A0-B7A4-B5769BA32DBB}.Debug|x64.ActiveCfg = Debug|Any CPU
		{79167169-9E17-45A0-B7A4-B5769BA32DBB}.Debug|x64.Build.0 = Debug|Any CPU
		{79167169-9E17-45A0-B7A4-B5769BA32DBB}.Debug|x86.ActiveCfg = Debug|Any CPU
		{79167169-9E17-45A0-B7A4-B5769BA32DBB}.Debug|x86.Build.0 = Debug|Any CPU
		{79167169-9E17-45A0-B7A4-B5769BA32DBB}.Release|Any CPU.ActiveCfg = Release|Any CPU
		{79167169-9E17-45A0-B7A4-B5769BA32DBB}.Release|Any CPU.Build.0 = Release|Any CPU
		{79167169-9E17-45A0-B7A4-B5769BA32DBB}.Release|x64.ActiveCfg = Release|Any CPU
		{79167169-9E17-45A0-B7A4-B5769BA32DBB}.Release|x64.Build.0 = Release|Any CPU
		{79167169-9E17-45A0-B7A4-B5769BA32DBB}.Release|x86.ActiveCfg = Release|Any CPU
		{79167169-9E17-45A0-B7A4-B5769BA32DBB}.Release|x86.Build.0 = Release|Any CPU
		{04C00144-1DBE-4BB8-8B50-03EC6CCAE34E}.Debug|Any CPU.ActiveCfg = Debug|Any CPU
		{04C00144-1DBE-4BB8-8B50-03EC6CCAE34E}.Debug|Any CPU.Build.0 = Debug|Any CPU
		{04C00144-1DBE-4BB8-8B50-03EC6CCAE34E}.Debug|x64.ActiveCfg = Debug|Any CPU
		{04C00144-1DBE-4BB8-8B50-03EC6CCAE34E}.Debug|x64.Build.0 = Debug|Any CPU
		{04C00144-1DBE-4BB8-8B50-03EC6CCAE34E}.Debug|x86.ActiveCfg = Debug|Any CPU
		{04C00144-1DBE-4BB8-8B50-03EC6CCAE34E}.Debug|x86.Build.0 = Debug|Any CPU
		{04C00144-1DBE-4BB8-8B50-03EC6CCAE34E}.Release|Any CPU.ActiveCfg = Release|Any CPU
		{04C00144-1DBE-4BB8-8B50-03EC6CCAE34E}.Release|Any CPU.Build.0 = Release|Any CPU
		{04C00144-1DBE-4BB8-8B50-03EC6CCAE34E}.Release|x64.ActiveCfg = Release|Any CPU
		{04C00144-1DBE-4BB8-8B50-03EC6CCAE34E}.Release|x64.Build.0 = Release|Any CPU
		{04C00144-1DBE-4BB8-8B50-03EC6CCAE34E}.Release|x86.ActiveCfg = Release|Any CPU
		{04C00144-1DBE-4BB8-8B50-03EC6CCAE34E}.Release|x86.Build.0 = Release|Any CPU
		{BF564CA0-2FAF-4925-B67B-26B62507817B}.Debug|Any CPU.ActiveCfg = Debug|Any CPU
		{BF564CA0-2FAF-4925-B67B-26B62507817B}.Debug|Any CPU.Build.0 = Debug|Any CPU
		{BF564CA0-2FAF-4925-B67B-26B62507817B}.Debug|x64.ActiveCfg = Debug|Any CPU
		{BF564CA0-2FAF-4925-B67B-26B62507817B}.Debug|x64.Build.0 = Debug|Any CPU
		{BF564CA0-2FAF-4925-B67B-26B62507817B}.Debug|x86.ActiveCfg = Debug|Any CPU
		{BF564CA0-2FAF-4925-B67B-26B62507817B}.Debug|x86.Build.0 = Debug|Any CPU
		{BF564CA0-2FAF-4925-B67B-26B62507817B}.Release|Any CPU.ActiveCfg = Release|Any CPU
		{BF564CA0-2FAF-4925-B67B-26B62507817B}.Release|Any CPU.Build.0 = Release|Any CPU
		{BF564CA0-2FAF-4925-B67B-26B62507817B}.Release|x64.ActiveCfg = Release|Any CPU
		{BF564CA0-2FAF-4925-B67B-26B62507817B}.Release|x64.Build.0 = Release|Any CPU
		{BF564CA0-2FAF-4925-B67B-26B62507817B}.Release|x86.ActiveCfg = Release|Any CPU
		{BF564CA0-2FAF-4925-B67B-26B62507817B}.Release|x86.Build.0 = Release|Any CPU
		{FA04035E-E8F4-4164-A3AE-27829C2574D0}.Debug|Any CPU.ActiveCfg = Debug|Any CPU
		{FA04035E-E8F4-4164-A3AE-27829C2574D0}.Debug|Any CPU.Build.0 = Debug|Any CPU
		{FA04035E-E8F4-4164-A3AE-27829C2574D0}.Debug|x64.ActiveCfg = Debug|Any CPU
		{FA04035E-E8F4-4164-A3AE-27829C2574D0}.Debug|x64.Build.0 = Debug|Any CPU
		{FA04035E-E8F4-4164-A3AE-27829C2574D0}.Debug|x86.ActiveCfg = Debug|Any CPU
		{FA04035E-E8F4-4164-A3AE-27829C2574D0}.Debug|x86.Build.0 = Debug|Any CPU
		{FA04035E-E8F4-4164-A3AE-27829C2574D0}.Release|Any CPU.ActiveCfg = Release|Any CPU
		{FA04035E-E8F4-4164-A3AE-27829C2574D0}.Release|Any CPU.Build.0 = Release|Any CPU
		{FA04035E-E8F4-4164-A3AE-27829C2574D0}.Release|x64.ActiveCfg = Release|Any CPU
		{FA04035E-E8F4-4164-A3AE-27829C2574D0}.Release|x64.Build.0 = Release|Any CPU
		{FA04035E-E8F4-4164-A3AE-27829C2574D0}.Release|x86.ActiveCfg = Release|Any CPU
		{FA04035E-E8F4-4164-A3AE-27829C2574D0}.Release|x86.Build.0 = Release|Any CPU
		{2E25388E-B541-4332-9EC1-99238628262C}.Debug|Any CPU.ActiveCfg = Debug|Any CPU
		{2E25388E-B541-4332-9EC1-99238628262C}.Debug|Any CPU.Build.0 = Debug|Any CPU
		{2E25388E-B541-4332-9EC1-99238628262C}.Debug|x64.ActiveCfg = Debug|Any CPU
		{2E25388E-B541-4332-9EC1-99238628262C}.Debug|x64.Build.0 = Debug|Any CPU
		{2E25388E-B541-4332-9EC1-99238628262C}.Debug|x86.ActiveCfg = Debug|Any CPU
		{2E25388E-B541-4332-9EC1-99238628262C}.Debug|x86.Build.0 = Debug|Any CPU
		{2E25388E-B541-4332-9EC1-99238628262C}.Release|Any CPU.ActiveCfg = Release|Any CPU
		{2E25388E-B541-4332-9EC1-99238628262C}.Release|Any CPU.Build.0 = Release|Any CPU
		{2E25388E-B541-4332-9EC1-99238628262C}.Release|x64.ActiveCfg = Release|Any CPU
		{2E25388E-B541-4332-9EC1-99238628262C}.Release|x64.Build.0 = Release|Any CPU
		{2E25388E-B541-4332-9EC1-99238628262C}.Release|x86.ActiveCfg = Release|Any CPU
		{2E25388E-B541-4332-9EC1-99238628262C}.Release|x86.Build.0 = Release|Any CPU
		{B82FA443-3CE8-47D0-854C-338F5C58527D}.Debug|Any CPU.ActiveCfg = Debug|Any CPU
		{B82FA443-3CE8-47D0-854C-338F5C58527D}.Debug|Any CPU.Build.0 = Debug|Any CPU
		{B82FA443-3CE8-47D0-854C-338F5C58527D}.Debug|x64.ActiveCfg = Debug|Any CPU
		{B82FA443-3CE8-47D0-854C-338F5C58527D}.Debug|x64.Build.0 = Debug|Any CPU
		{B82FA443-3CE8-47D0-854C-338F5C58527D}.Debug|x86.ActiveCfg = Debug|Any CPU
		{B82FA443-3CE8-47D0-854C-338F5C58527D}.Debug|x86.Build.0 = Debug|Any CPU
		{B82FA443-3CE8-47D0-854C-338F5C58527D}.Release|Any CPU.ActiveCfg = Release|Any CPU
		{B82FA443-3CE8-47D0-854C-338F5C58527D}.Release|Any CPU.Build.0 = Release|Any CPU
		{B82FA443-3CE8-47D0-854C-338F5C58527D}.Release|x64.ActiveCfg = Release|Any CPU
		{B82FA443-3CE8-47D0-854C-338F5C58527D}.Release|x64.Build.0 = Release|Any CPU
		{B82FA443-3CE8-47D0-854C-338F5C58527D}.Release|x86.ActiveCfg = Release|Any CPU
		{B82FA443-3CE8-47D0-854C-338F5C58527D}.Release|x86.Build.0 = Release|Any CPU
		{927B3411-D8E2-46A7-A3CA-16611B5FE7C3}.Debug|Any CPU.ActiveCfg = Debug|Any CPU
		{927B3411-D8E2-46A7-A3CA-16611B5FE7C3}.Debug|Any CPU.Build.0 = Debug|Any CPU
		{927B3411-D8E2-46A7-A3CA-16611B5FE7C3}.Debug|x64.ActiveCfg = Debug|Any CPU
		{927B3411-D8E2-46A7-A3CA-16611B5FE7C3}.Debug|x64.Build.0 = Debug|Any CPU
		{927B3411-D8E2-46A7-A3CA-16611B5FE7C3}.Debug|x86.ActiveCfg = Debug|Any CPU
		{927B3411-D8E2-46A7-A3CA-16611B5FE7C3}.Debug|x86.Build.0 = Debug|Any CPU
		{927B3411-D8E2-46A7-A3CA-16611B5FE7C3}.Release|Any CPU.ActiveCfg = Release|Any CPU
		{927B3411-D8E2-46A7-A3CA-16611B5FE7C3}.Release|Any CPU.Build.0 = Release|Any CPU
		{927B3411-D8E2-46A7-A3CA-16611B5FE7C3}.Release|x64.ActiveCfg = Release|Any CPU
		{927B3411-D8E2-46A7-A3CA-16611B5FE7C3}.Release|x64.Build.0 = Release|Any CPU
		{927B3411-D8E2-46A7-A3CA-16611B5FE7C3}.Release|x86.ActiveCfg = Release|Any CPU
		{927B3411-D8E2-46A7-A3CA-16611B5FE7C3}.Release|x86.Build.0 = Release|Any CPU
		{2962E769-17E1-4F76-B4E9-1A7BE7C5E68B}.Debug|Any CPU.ActiveCfg = Debug|Any CPU
		{2962E769-17E1-4F76-B4E9-1A7BE7C5E68B}.Debug|Any CPU.Build.0 = Debug|Any CPU
		{2962E769-17E1-4F76-B4E9-1A7BE7C5E68B}.Debug|x64.ActiveCfg = Debug|Any CPU
		{2962E769-17E1-4F76-B4E9-1A7BE7C5E68B}.Debug|x64.Build.0 = Debug|Any CPU
		{2962E769-17E1-4F76-B4E9-1A7BE7C5E68B}.Debug|x86.ActiveCfg = Debug|Any CPU
		{2962E769-17E1-4F76-B4E9-1A7BE7C5E68B}.Debug|x86.Build.0 = Debug|Any CPU
		{2962E769-17E1-4F76-B4E9-1A7BE7C5E68B}.Release|Any CPU.ActiveCfg = Release|Any CPU
		{2962E769-17E1-4F76-B4E9-1A7BE7C5E68B}.Release|Any CPU.Build.0 = Release|Any CPU
		{2962E769-17E1-4F76-B4E9-1A7BE7C5E68B}.Release|x64.ActiveCfg = Release|Any CPU
		{2962E769-17E1-4F76-B4E9-1A7BE7C5E68B}.Release|x64.Build.0 = Release|Any CPU
		{2962E769-17E1-4F76-B4E9-1A7BE7C5E68B}.Release|x86.ActiveCfg = Release|Any CPU
		{2962E769-17E1-4F76-B4E9-1A7BE7C5E68B}.Release|x86.Build.0 = Release|Any CPU
		{6CA5AFFE-C561-442E-A51A-D4CCAA84633F}.Debug|Any CPU.ActiveCfg = Debug|Any CPU
		{6CA5AFFE-C561-442E-A51A-D4CCAA84633F}.Debug|Any CPU.Build.0 = Debug|Any CPU
		{6CA5AFFE-C561-442E-A51A-D4CCAA84633F}.Debug|x64.ActiveCfg = Debug|Any CPU
		{6CA5AFFE-C561-442E-A51A-D4CCAA84633F}.Debug|x64.Build.0 = Debug|Any CPU
		{6CA5AFFE-C561-442E-A51A-D4CCAA84633F}.Debug|x86.ActiveCfg = Debug|Any CPU
		{6CA5AFFE-C561-442E-A51A-D4CCAA84633F}.Debug|x86.Build.0 = Debug|Any CPU
		{6CA5AFFE-C561-442E-A51A-D4CCAA84633F}.Release|Any CPU.ActiveCfg = Release|Any CPU
		{6CA5AFFE-C561-442E-A51A-D4CCAA84633F}.Release|Any CPU.Build.0 = Release|Any CPU
		{6CA5AFFE-C561-442E-A51A-D4CCAA84633F}.Release|x64.ActiveCfg = Release|Any CPU
		{6CA5AFFE-C561-442E-A51A-D4CCAA84633F}.Release|x64.Build.0 = Release|Any CPU
		{6CA5AFFE-C561-442E-A51A-D4CCAA84633F}.Release|x86.ActiveCfg = Release|Any CPU
		{6CA5AFFE-C561-442E-A51A-D4CCAA84633F}.Release|x86.Build.0 = Release|Any CPU
		{4B5E5C9C-149C-448B-A92D-9CC2CCFB3914}.Debug|Any CPU.ActiveCfg = Debug|Any CPU
		{4B5E5C9C-149C-448B-A92D-9CC2CCFB3914}.Debug|Any CPU.Build.0 = Debug|Any CPU
		{4B5E5C9C-149C-448B-A92D-9CC2CCFB3914}.Debug|x64.ActiveCfg = Debug|Any CPU
		{4B5E5C9C-149C-448B-A92D-9CC2CCFB3914}.Debug|x64.Build.0 = Debug|Any CPU
		{4B5E5C9C-149C-448B-A92D-9CC2CCFB3914}.Debug|x86.ActiveCfg = Debug|Any CPU
		{4B5E5C9C-149C-448B-A92D-9CC2CCFB3914}.Debug|x86.Build.0 = Debug|Any CPU
		{4B5E5C9C-149C-448B-A92D-9CC2CCFB3914}.Release|Any CPU.ActiveCfg = Release|Any CPU
		{4B5E5C9C-149C-448B-A92D-9CC2CCFB3914}.Release|Any CPU.Build.0 = Release|Any CPU
		{4B5E5C9C-149C-448B-A92D-9CC2CCFB3914}.Release|x64.ActiveCfg = Release|Any CPU
		{4B5E5C9C-149C-448B-A92D-9CC2CCFB3914}.Release|x64.Build.0 = Release|Any CPU
		{4B5E5C9C-149C-448B-A92D-9CC2CCFB3914}.Release|x86.ActiveCfg = Release|Any CPU
		{4B5E5C9C-149C-448B-A92D-9CC2CCFB3914}.Release|x86.Build.0 = Release|Any CPU
	EndGlobalSection
	GlobalSection(SolutionProperties) = preSolution
		HideSolutionNode = FALSE
	EndGlobalSection
	GlobalSection(NestedProjects) = preSolution
		{6DD5495D-D170-4E33-BF78-0E93A3349E5E} = {827E0CD3-B72D-47B6-A68D-7590B98EB39B}
		{7EE0077F-99C3-4807-B672-E29534F34A5E} = {827E0CD3-B72D-47B6-A68D-7590B98EB39B}
		{10B04307-8A98-4212-9747-3092D8979510} = {827E0CD3-B72D-47B6-A68D-7590B98EB39B}
		{509CBACC-32C0-4E2A-9DE1-E0C94B504231} = {0AB3BF05-4346-4AA6-1389-037BE0695223}
		{40CC1F96-5BD9-425F-B21A-A0C46BDF181C} = {827E0CD3-B72D-47B6-A68D-7590B98EB39B}
		{9D4FD43B-C3B9-41E3-8766-7550100354BD} = {827E0CD3-B72D-47B6-A68D-7590B98EB39B}
		{79167169-9E17-45A0-B7A4-B5769BA32DBB} = {0AB3BF05-4346-4AA6-1389-037BE0695223}
		{04C00144-1DBE-4BB8-8B50-03EC6CCAE34E} = {827E0CD3-B72D-47B6-A68D-7590B98EB39B}
		{BF564CA0-2FAF-4925-B67B-26B62507817B} = {0AB3BF05-4346-4AA6-1389-037BE0695223}
		{FA04035E-E8F4-4164-A3AE-27829C2574D0} = {827E0CD3-B72D-47B6-A68D-7590B98EB39B}
		{2E25388E-B541-4332-9EC1-99238628262C} = {0AB3BF05-4346-4AA6-1389-037BE0695223}
		{B82FA443-3CE8-47D0-854C-338F5C58527D} = {0AB3BF05-4346-4AA6-1389-037BE0695223}
		{927B3411-D8E2-46A7-A3CA-16611B5FE7C3} = {827E0CD3-B72D-47B6-A68D-7590B98EB39B}
		{2962E769-17E1-4F76-B4E9-1A7BE7C5E68B} = {0AB3BF05-4346-4AA6-1389-037BE0695223}
		{6CA5AFFE-C561-442E-A51A-D4CCAA84633F} = {827E0CD3-B72D-47B6-A68D-7590B98EB39B}
		{4B5E5C9C-149C-448B-A92D-9CC2CCFB3914} = {0AB3BF05-4346-4AA6-1389-037BE0695223}
	EndGlobalSection
EndGlobal
